
Microsoft Visual Studio Solution File, Format Version 12.00
# Visual Studio Version 17
VisualStudioVersion = 17.8.34330.188
MinimumVisualStudioVersion = 10.0.40219.1
Project("{FAE04EC0-301F-11D3-BF4B-00C04F79EFBC}") = "ContactList", "ContactList.csproj", "{5578CFE8-892A-4029-A0D3-31DF3DBACBA0}"
EndProject
Global
	GlobalSection(SolutionConfigurationPlatforms) = preSolution
		Debug|Any CPU = Debug|Any CPU
		Release|Any CPU = Release|Any CPU
	EndGlobalSection
	GlobalSection(ProjectConfigurationPlatforms) = postSolution
		{5578CFE8-892A-4029-A0D3-31DF3DBACBA0}.Debug|Any CPU.ActiveCfg = Debug|Any CPU
		{5578CFE8-892A-4029-A0D3-31DF3DBACBA0}.Debug|Any CPU.Build.0 = Debug|Any CPU
		{5578CFE8-892A-4029-A0D3-31DF3DBACBA0}.Release|Any CPU.ActiveCfg = Release|Any CPU
		{5578CFE8-892A-4029-A0D3-31DF3DBACBA0}.Release|Any CPU.Build.0 = Release|Any CPU
	EndGlobalSection
	GlobalSection(SolutionProperties) = preSolution
		HideSolutionNode = FALSE
	EndGlobalSection
	GlobalSection(ExtensibilityGlobals) = postSolution
		SolutionGuid = {C052293F-07E9-4845-91AA-FFB13C6238AF}
	EndGlobalSection
EndGlobal
